# capa.lock - AUTO-GENERATED by `capa install`. DO NOT EDIT.
# Re-running `capa install` rewrites this file from capa.toml.

[[dependencies]]
name = "capa_http"
git = "https://github.com/nelsonduarte/capa_http"
pin = "v0.1.2"
pin_kind = "tag"
commit = "928e07cf3bf2fda5e682179c3d98159c39f5c897"
signing_key = "6C1D222D491FB88031E041A536CFB426101AA24B"

[[dependencies]]
name = "capa_log"
git = "https://github.com/nelsonduarte/capa_log"
pin = "v0.1.2"
pin_kind = "tag"
commit = "788e7ada58b9382b4f5149b8fd81c1497d6eaa3e"
signing_key = "6C1D222D491FB88031E041A536CFB426101AA24B"
